
Microsoft Visual Studio Solution File, Format Version 12.00
# Visual Studio Version 17
VisualStudioVersion = 17.4.33213.308
MinimumVisualStudioVersion = 10.0.40219.1
Project("{FAE04EC0-301F-11D3-BF4B-00C04F79EFBC}") = "YourPaper Desktop", "YourPaper Desktop\YourPaper Desktop.csproj", "{637201EB-1264-47EF-ACE6-D6CA0E0860BB}"
EndProject
Project("{9A19103F-16F7-4668-BE54-9A1E7A4F7556}") = "YourPaper", "YourPaper\YourPaper.csproj", "{5329DE40-42C5-4065-A572-55DE2CE7B716}"
EndProject
Global
	GlobalSection(SolutionConfigurationPlatforms) = preSolution
		Debug|Any CPU = Debug|Any CPU
		Release|Any CPU = Release|Any CPU
	EndGlobalSection
	GlobalSection(ProjectConfigurationPlatforms) = postSolution
		{637201EB-1264-47EF-ACE6-D6CA0E0860BB}.Debug|Any CPU.ActiveCfg = Debug|Any CPU
		{637201EB-1264-47EF-ACE6-D6CA0E0860BB}.Debug|Any CPU.Build.0 = Debug|Any CPU
		{637201EB-1264-47EF-ACE6-D6CA0E0860BB}.Release|Any CPU.ActiveCfg = Release|Any CPU
		{637201EB-1264-47EF-ACE6-D6CA0E0860BB}.Release|Any CPU.Build.0 = Release|Any CPU
		{5329DE40-42C5-4065-A572-55DE2CE7B716}.Debug|Any CPU.ActiveCfg = Debug|Any CPU
		{5329DE40-42C5-4065-A572-55DE2CE7B716}.Debug|Any CPU.Build.0 = Debug|Any CPU
		{5329DE40-42C5-4065-A572-55DE2CE7B716}.Release|Any CPU.ActiveCfg = Release|Any CPU
		{5329DE40-42C5-4065-A572-55DE2CE7B716}.Release|Any CPU.Build.0 = Release|Any CPU
	EndGlobalSection
	GlobalSection(SolutionProperties) = preSolution
		HideSolutionNode = FALSE
	EndGlobalSection
	GlobalSection(ExtensibilityGlobals) = postSolution
		SolutionGuid = {E0198BC9-87E2-4737-82F8-4FBFD89D421F}
	EndGlobalSection
EndGlobal
