
Microsoft Visual Studio Solution File, Format Version 12.00
# Visual Studio Version 16
VisualStudioVersion = 16.0.33027.164
MinimumVisualStudioVersion = 10.0.40219.1
Project("{FAE04EC0-301F-11D3-BF4B-00C04F79EFBC}") = "YourPaper", "YourPaper\YourPaper.csproj", "{3422404A-7D5D-44CC-BA00-26685D2BF610}"
EndProject
Global
	GlobalSection(SolutionConfigurationPlatforms) = preSolution
		Debug|Any CPU = Debug|Any CPU
		Release|Any CPU = Release|Any CPU
	EndGlobalSection
	GlobalSection(ProjectConfigurationPlatforms) = postSolution
		{3422404A-7D5D-44CC-BA00-26685D2BF610}.Debug|Any CPU.ActiveCfg = Debug|Any CPU
		{3422404A-7D5D-44CC-BA00-26685D2BF610}.Debug|Any CPU.Build.0 = Debug|Any CPU
		{3422404A-7D5D-44CC-BA00-26685D2BF610}.Release|Any CPU.ActiveCfg = Release|Any CPU
		{3422404A-7D5D-44CC-BA00-26685D2BF610}.Release|Any CPU.Build.0 = Release|Any CPU
	EndGlobalSection
	GlobalSection(SolutionProperties) = preSolution
		HideSolutionNode = FALSE
	EndGlobalSection
	GlobalSection(ExtensibilityGlobals) = postSolution
		SolutionGuid = {CA6EA4F3-C496-4AB4-9D27-AC1D1E01C8AA}
	EndGlobalSection
EndGlobal
